
Microsoft Visual Studio Solution File, Format Version 12.00
# Visual Studio 15
VisualStudioVersion = 15.0.28307.168
MinimumVisualStudioVersion = 10.0.40219.1
Project("{9A19103F-16F7-4668-BE54-9A1E7A4F7556}") = "Server", "example-4\Server\Server.csproj", "{DA0346A8-E528-4A56-88FD-87616E90C980}"
EndProject
Project("{FAE04EC0-301F-11D3-BF4B-00C04F79EFBC}") = "Client", "example-4\Client\Client.csproj", "{A3269FED-3342-4984-A5D1-E338D78D7B0A}"
EndProject
Global
	GlobalSection(SolutionConfigurationPlatforms) = preSolution
		Debug|Any CPU = Debug|Any CPU
		Release|Any CPU = Release|Any CPU
	EndGlobalSection
	GlobalSection(ProjectConfigurationPlatforms) = postSolution
		{DA0346A8-E528-4A56-88FD-87616E90C980}.Debug|Any CPU.ActiveCfg = Debug|Any CPU
		{DA0346A8-E528-4A56-88FD-87616E90C980}.Debug|Any CPU.Build.0 = Debug|Any CPU
		{DA0346A8-E528-4A56-88FD-87616E90C980}.Release|Any CPU.ActiveCfg = Release|Any CPU
		{DA0346A8-E528-4A56-88FD-87616E90C980}.Release|Any CPU.Build.0 = Release|Any CPU
		{A3269FED-3342-4984-A5D1-E338D78D7B0A}.Debug|Any CPU.ActiveCfg = Debug|Any CPU
		{A3269FED-3342-4984-A5D1-E338D78D7B0A}.Debug|Any CPU.Build.0 = Debug|Any CPU
		{A3269FED-3342-4984-A5D1-E338D78D7B0A}.Release|Any CPU.ActiveCfg = Release|Any CPU
		{A3269FED-3342-4984-A5D1-E338D78D7B0A}.Release|Any CPU.Build.0 = Release|Any CPU
	EndGlobalSection
	GlobalSection(SolutionProperties) = preSolution
		HideSolutionNode = FALSE
	EndGlobalSection
	GlobalSection(ExtensibilityGlobals) = postSolution
		SolutionGuid = {0AAB02CE-FD7B-4AB9-A90D-F9D1571F2CA1}
	EndGlobalSection
EndGlobal
