
Microsoft Visual Studio Solution File, Format Version 12.00
# Visual Studio Version 16
VisualStudioVersion = 16.0.28407.52
MinimumVisualStudioVersion = 10.0.40219.1
Project("{9A19103F-16F7-4668-BE54-9A1E7A4F7556}") = "Chat", "example-1\Chat\Chat.csproj", "{8F2687C2-7B5A-4A99-AC18-7CA85C0241E3}"
EndProject
Project("{2150E333-8FDC-42A3-9474-1A3956D46DE8}") = "example-1", "example-1", "{FF79770C-F038-4CB8-B401-A3CFEAEA857A}"
EndProject
Project("{9A19103F-16F7-4668-BE54-9A1E7A4F7556}") = "ChatConsoleClient", "example-1\ChatConsoleClient\ChatConsoleClient.csproj", "{F4F1BCAD-D93C-4854-81B8-256CF3D32C9F}"
EndProject
Project("{2150E333-8FDC-42A3-9474-1A3956D46DE8}") = "example-3", "example-3", "{1F2B4847-B887-4201-8103-7DC94C85FAD5}"
EndProject
Project("{2150E333-8FDC-42A3-9474-1A3956D46DE8}") = "example-2", "example-2", "{E408581B-9A80-4027-8D80-1121536F3D29}"
EndProject
Project("{2150E333-8FDC-42A3-9474-1A3956D46DE8}") = "example-4", "example-4", "{D6B6D993-9E98-457C-99E2-4EDF54D8D2CC}"
EndProject
Project("{9A19103F-16F7-4668-BE54-9A1E7A4F7556}") = "AdvancedChat", "example-2\AdvancedChat\AdvancedChat.csproj", "{E18006E3-0C96-412C-BBFD-9CF3965D16A4}"
EndProject
Project("{9A19103F-16F7-4668-BE54-9A1E7A4F7556}") = "AdvancedChatConsoleClient", "example-2\AdvancedChatConsoleClient\AdvancedChatConsoleClient.csproj", "{DF5EB555-6167-438D-AB10-8476D6927848}"
EndProject
Project("{9A19103F-16F7-4668-BE54-9A1E7A4F7556}") = "Chat.IntegrationTests", "example-4\Chat.IntegrationTests\Chat.IntegrationTests.csproj", "{2F945860-A792-4EF1-BCDA-E99190648925}"
EndProject
Project("{9A19103F-16F7-4668-BE54-9A1E7A4F7556}") = "AdvancedChatStaticWebClientHost", "example-2\AdvancedChatStaticWebClientHost\AdvancedChatStaticWebClientHost.csproj", "{5ACAD7A9-47DF-4B75-8A6C-080D68D9574B}"
EndProject
Project("{9A19103F-16F7-4668-BE54-9A1E7A4F7556}") = "Server", "example-3\Server\Server.csproj", "{DAF985C3-98D2-4ECC-B068-BA28E9F6880D}"
EndProject
Project("{9A19103F-16F7-4668-BE54-9A1E7A4F7556}") = "Client", "example-3\Client\Client.csproj", "{DC1E2B70-E09E-4B5C-B0A6-8BC213BA96AA}"
EndProject
Project("{2150E333-8FDC-42A3-9474-1A3956D46DE8}") = "Solution Items", "Solution Items", "{9E9E33D2-6232-4586-944F-60C3618DB935}"
	ProjectSection(SolutionItems) = preProject
		..\README.md = ..\README.md
	EndProjectSection
EndProject
Project("{FAE04EC0-301F-11D3-BF4B-00C04F79EFBC}") = "AdvancedChat.IntegrationTests", "AdvancedChat.IntegrationTests\AdvancedChat.IntegrationTests.csproj", "{865E209F-5219-4151-B406-0A08DAE819C4}"
EndProject
Project("{FAE04EC0-301F-11D3-BF4B-00C04F79EFBC}") = "SimpleChat", "example-1\SimpleChat\SimpleChat.csproj", "{539DCD5A-3789-42D7-9A24-411E3AFC29A9}"
EndProject
Global
	GlobalSection(SolutionConfigurationPlatforms) = preSolution
		Debug|Any CPU = Debug|Any CPU
		Release|Any CPU = Release|Any CPU
	EndGlobalSection
	GlobalSection(ProjectConfigurationPlatforms) = postSolution
		{8F2687C2-7B5A-4A99-AC18-7CA85C0241E3}.Debug|Any CPU.ActiveCfg = Debug|Any CPU
		{8F2687C2-7B5A-4A99-AC18-7CA85C0241E3}.Debug|Any CPU.Build.0 = Debug|Any CPU
		{8F2687C2-7B5A-4A99-AC18-7CA85C0241E3}.Release|Any CPU.ActiveCfg = Release|Any CPU
		{8F2687C2-7B5A-4A99-AC18-7CA85C0241E3}.Release|Any CPU.Build.0 = Release|Any CPU
		{F4F1BCAD-D93C-4854-81B8-256CF3D32C9F}.Debug|Any CPU.ActiveCfg = Debug|Any CPU
		{F4F1BCAD-D93C-4854-81B8-256CF3D32C9F}.Debug|Any CPU.Build.0 = Debug|Any CPU
		{F4F1BCAD-D93C-4854-81B8-256CF3D32C9F}.Release|Any CPU.ActiveCfg = Release|Any CPU
		{F4F1BCAD-D93C-4854-81B8-256CF3D32C9F}.Release|Any CPU.Build.0 = Release|Any CPU
		{E18006E3-0C96-412C-BBFD-9CF3965D16A4}.Debug|Any CPU.ActiveCfg = Debug|Any CPU
		{E18006E3-0C96-412C-BBFD-9CF3965D16A4}.Debug|Any CPU.Build.0 = Debug|Any CPU
		{E18006E3-0C96-412C-BBFD-9CF3965D16A4}.Release|Any CPU.ActiveCfg = Release|Any CPU
		{E18006E3-0C96-412C-BBFD-9CF3965D16A4}.Release|Any CPU.Build.0 = Release|Any CPU
		{DF5EB555-6167-438D-AB10-8476D6927848}.Debug|Any CPU.ActiveCfg = Debug|Any CPU
		{DF5EB555-6167-438D-AB10-8476D6927848}.Debug|Any CPU.Build.0 = Debug|Any CPU
		{DF5EB555-6167-438D-AB10-8476D6927848}.Release|Any CPU.ActiveCfg = Release|Any CPU
		{DF5EB555-6167-438D-AB10-8476D6927848}.Release|Any CPU.Build.0 = Release|Any CPU
		{2F945860-A792-4EF1-BCDA-E99190648925}.Debug|Any CPU.ActiveCfg = Debug|Any CPU
		{2F945860-A792-4EF1-BCDA-E99190648925}.Debug|Any CPU.Build.0 = Debug|Any CPU
		{2F945860-A792-4EF1-BCDA-E99190648925}.Release|Any CPU.ActiveCfg = Release|Any CPU
		{2F945860-A792-4EF1-BCDA-E99190648925}.Release|Any CPU.Build.0 = Release|Any CPU
		{5ACAD7A9-47DF-4B75-8A6C-080D68D9574B}.Debug|Any CPU.ActiveCfg = Debug|Any CPU
		{5ACAD7A9-47DF-4B75-8A6C-080D68D9574B}.Debug|Any CPU.Build.0 = Debug|Any CPU
		{5ACAD7A9-47DF-4B75-8A6C-080D68D9574B}.Release|Any CPU.ActiveCfg = Release|Any CPU
		{5ACAD7A9-47DF-4B75-8A6C-080D68D9574B}.Release|Any CPU.Build.0 = Release|Any CPU
		{DAF985C3-98D2-4ECC-B068-BA28E9F6880D}.Debug|Any CPU.ActiveCfg = Debug|Any CPU
		{DAF985C3-98D2-4ECC-B068-BA28E9F6880D}.Debug|Any CPU.Build.0 = Debug|Any CPU
		{DAF985C3-98D2-4ECC-B068-BA28E9F6880D}.Release|Any CPU.ActiveCfg = Release|Any CPU
		{DAF985C3-98D2-4ECC-B068-BA28E9F6880D}.Release|Any CPU.Build.0 = Release|Any CPU
		{DC1E2B70-E09E-4B5C-B0A6-8BC213BA96AA}.Debug|Any CPU.ActiveCfg = Debug|Any CPU
		{DC1E2B70-E09E-4B5C-B0A6-8BC213BA96AA}.Debug|Any CPU.Build.0 = Debug|Any CPU
		{DC1E2B70-E09E-4B5C-B0A6-8BC213BA96AA}.Release|Any CPU.ActiveCfg = Release|Any CPU
		{DC1E2B70-E09E-4B5C-B0A6-8BC213BA96AA}.Release|Any CPU.Build.0 = Release|Any CPU
		{865E209F-5219-4151-B406-0A08DAE819C4}.Debug|Any CPU.ActiveCfg = Debug|Any CPU
		{865E209F-5219-4151-B406-0A08DAE819C4}.Debug|Any CPU.Build.0 = Debug|Any CPU
		{865E209F-5219-4151-B406-0A08DAE819C4}.Release|Any CPU.ActiveCfg = Release|Any CPU
		{865E209F-5219-4151-B406-0A08DAE819C4}.Release|Any CPU.Build.0 = Release|Any CPU
		{539DCD5A-3789-42D7-9A24-411E3AFC29A9}.Debug|Any CPU.ActiveCfg = Debug|Any CPU
		{539DCD5A-3789-42D7-9A24-411E3AFC29A9}.Debug|Any CPU.Build.0 = Debug|Any CPU
		{539DCD5A-3789-42D7-9A24-411E3AFC29A9}.Release|Any CPU.ActiveCfg = Release|Any CPU
		{539DCD5A-3789-42D7-9A24-411E3AFC29A9}.Release|Any CPU.Build.0 = Release|Any CPU
	EndGlobalSection
	GlobalSection(SolutionProperties) = preSolution
		HideSolutionNode = FALSE
	EndGlobalSection
	GlobalSection(NestedProjects) = preSolution
		{8F2687C2-7B5A-4A99-AC18-7CA85C0241E3} = {FF79770C-F038-4CB8-B401-A3CFEAEA857A}
		{F4F1BCAD-D93C-4854-81B8-256CF3D32C9F} = {FF79770C-F038-4CB8-B401-A3CFEAEA857A}
		{E18006E3-0C96-412C-BBFD-9CF3965D16A4} = {E408581B-9A80-4027-8D80-1121536F3D29}
		{DF5EB555-6167-438D-AB10-8476D6927848} = {E408581B-9A80-4027-8D80-1121536F3D29}
		{2F945860-A792-4EF1-BCDA-E99190648925} = {D6B6D993-9E98-457C-99E2-4EDF54D8D2CC}
		{5ACAD7A9-47DF-4B75-8A6C-080D68D9574B} = {E408581B-9A80-4027-8D80-1121536F3D29}
		{DAF985C3-98D2-4ECC-B068-BA28E9F6880D} = {1F2B4847-B887-4201-8103-7DC94C85FAD5}
		{DC1E2B70-E09E-4B5C-B0A6-8BC213BA96AA} = {1F2B4847-B887-4201-8103-7DC94C85FAD5}
		{865E209F-5219-4151-B406-0A08DAE819C4} = {D6B6D993-9E98-457C-99E2-4EDF54D8D2CC}
		{539DCD5A-3789-42D7-9A24-411E3AFC29A9} = {FF79770C-F038-4CB8-B401-A3CFEAEA857A}
	EndGlobalSection
	GlobalSection(ExtensibilityGlobals) = postSolution
		SolutionGuid = {0AAB02CE-FD7B-4AB9-A90D-F9D1571F2CA1}
	EndGlobalSection
EndGlobal
